
Microsoft Visual Studio Solution File, Format Version 12.00
# Visual Studio 15
VisualStudioVersion = 15.0.28307.705
MinimumVisualStudioVersion = 10.0.40219.1
Project("{8BC9CEB8-8B4A-11D0-8D11-00A0C91BC942}") = "滤波2", "滤波2\滤波2.vcxproj", "{4A7F870E-77CA-44FE-90E1-527EF2EFD299}"
EndProject
Global
	GlobalSection(SolutionConfigurationPlatforms) = preSolution
		Debug|x64 = Debug|x64
		Debug|x86 = Debug|x86
		Release|x64 = Release|x64
		Release|x86 = Release|x86
	EndGlobalSection
	GlobalSection(ProjectConfigurationPlatforms) = postSolution
		{4A7F870E-77CA-44FE-90E1-527EF2EFD299}.Debug|x64.ActiveCfg = Debug|x64
		{4A7F870E-77CA-44FE-90E1-527EF2EFD299}.Debug|x64.Build.0 = Debug|x64
		{4A7F870E-77CA-44FE-90E1-527EF2EFD299}.Debug|x86.ActiveCfg = Debug|Win32
		{4A7F870E-77CA-44FE-90E1-527EF2EFD299}.Debug|x86.Build.0 = Debug|Win32
		{4A7F870E-77CA-44FE-90E1-527EF2EFD299}.Release|x64.ActiveCfg = Release|x64
		{4A7F870E-77CA-44FE-90E1-527EF2EFD299}.Release|x64.Build.0 = Release|x64
		{4A7F870E-77CA-44FE-90E1-527EF2EFD299}.Release|x86.ActiveCfg = Release|Win32
		{4A7F870E-77CA-44FE-90E1-527EF2EFD299}.Release|x86.Build.0 = Release|Win32
	EndGlobalSection
	GlobalSection(SolutionProperties) = preSolution
		HideSolutionNode = FALSE
	EndGlobalSection
	GlobalSection(ExtensibilityGlobals) = postSolution
		SolutionGuid = {82C907C5-57EF-45C2-B106-077926C1405C}
	EndGlobalSection
EndGlobal
