
Microsoft Visual Studio Solution File, Format Version 12.00
# Visual Studio 15
VisualStudioVersion = 15.0.28307.705
MinimumVisualStudioVersion = 10.0.40219.1
Project("{8BC9CEB8-8B4A-11D0-8D11-00A0C91BC942}") = "the_second", "the_second\the_second.vcxproj", "{148054EB-3503-4EC9-9B0C-7DB31568A1C4}"
EndProject
Global
	GlobalSection(SolutionConfigurationPlatforms) = preSolution
		Debug|x64 = Debug|x64
		Debug|x86 = Debug|x86
		Release|x64 = Release|x64
		Release|x86 = Release|x86
	EndGlobalSection
	GlobalSection(ProjectConfigurationPlatforms) = postSolution
		{148054EB-3503-4EC9-9B0C-7DB31568A1C4}.Debug|x64.ActiveCfg = Debug|x64
		{148054EB-3503-4EC9-9B0C-7DB31568A1C4}.Debug|x64.Build.0 = Debug|x64
		{148054EB-3503-4EC9-9B0C-7DB31568A1C4}.Debug|x86.ActiveCfg = Debug|Win32
		{148054EB-3503-4EC9-9B0C-7DB31568A1C4}.Debug|x86.Build.0 = Debug|Win32
		{148054EB-3503-4EC9-9B0C-7DB31568A1C4}.Release|x64.ActiveCfg = Release|x64
		{148054EB-3503-4EC9-9B0C-7DB31568A1C4}.Release|x64.Build.0 = Release|x64
		{148054EB-3503-4EC9-9B0C-7DB31568A1C4}.Release|x86.ActiveCfg = Release|Win32
		{148054EB-3503-4EC9-9B0C-7DB31568A1C4}.Release|x86.Build.0 = Release|Win32
	EndGlobalSection
	GlobalSection(SolutionProperties) = preSolution
		HideSolutionNode = FALSE
	EndGlobalSection
	GlobalSection(ExtensibilityGlobals) = postSolution
		SolutionGuid = {157B01A6-4539-4324-876D-66B033940950}
	EndGlobalSection
EndGlobal
