
Microsoft Visual Studio Solution File, Format Version 12.00
# Visual Studio 15
VisualStudioVersion = 15.0.28307.705
MinimumVisualStudioVersion = 10.0.40219.1
Project("{8BC9CEB8-8B4A-11D0-8D11-00A0C91BC942}") = "ConsoleApplication1", "ConsoleApplication1\ConsoleApplication1.vcxproj", "{BE0A4D8B-06BF-4F86-9CA2-DD9D09BE57FE}"
EndProject
Global
	GlobalSection(SolutionConfigurationPlatforms) = preSolution
		Debug|x64 = Debug|x64
		Debug|x86 = Debug|x86
		Release|x64 = Release|x64
		Release|x86 = Release|x86
	EndGlobalSection
	GlobalSection(ProjectConfigurationPlatforms) = postSolution
		{BE0A4D8B-06BF-4F86-9CA2-DD9D09BE57FE}.Debug|x64.ActiveCfg = Debug|x64
		{BE0A4D8B-06BF-4F86-9CA2-DD9D09BE57FE}.Debug|x64.Build.0 = Debug|x64
		{BE0A4D8B-06BF-4F86-9CA2-DD9D09BE57FE}.Debug|x86.ActiveCfg = Debug|Win32
		{BE0A4D8B-06BF-4F86-9CA2-DD9D09BE57FE}.Debug|x86.Build.0 = Debug|Win32
		{BE0A4D8B-06BF-4F86-9CA2-DD9D09BE57FE}.Release|x64.ActiveCfg = Release|x64
		{BE0A4D8B-06BF-4F86-9CA2-DD9D09BE57FE}.Release|x64.Build.0 = Release|x64
		{BE0A4D8B-06BF-4F86-9CA2-DD9D09BE57FE}.Release|x86.ActiveCfg = Release|Win32
		{BE0A4D8B-06BF-4F86-9CA2-DD9D09BE57FE}.Release|x86.Build.0 = Release|Win32
	EndGlobalSection
	GlobalSection(SolutionProperties) = preSolution
		HideSolutionNode = FALSE
	EndGlobalSection
	GlobalSection(ExtensibilityGlobals) = postSolution
		SolutionGuid = {DB353684-DEC0-4C77-AAC7-57133E298730}
	EndGlobalSection
EndGlobal
